
Microsoft Visual Studio Solution File, Format Version 12.00
# Visual Studio Version 17
VisualStudioVersion = 17.14.36203.30 d17.14
MinimumVisualStudioVersion = 10.0.40219.1
Project("{FAE04EC0-301F-11D3-BF4B-00C04F79EFBC}") = "WordCloudMindMapApp", "WordCloudMindMapApp\WordCloudMindMapApp.csproj", "{72D069BB-1549-498F-BAA2-228AA27514BE}"
EndProject
Global
	GlobalSection(SolutionConfigurationPlatforms) = preSolution
		Debug|Any CPU = Debug|Any CPU
		Release|Any CPU = Release|Any CPU
	EndGlobalSection
	GlobalSection(ProjectConfigurationPlatforms) = postSolution
		{72D069BB-1549-498F-BAA2-228AA27514BE}.Debug|Any CPU.ActiveCfg = Debug|Any CPU
		{72D069BB-1549-498F-BAA2-228AA27514BE}.Debug|Any CPU.Build.0 = Debug|Any CPU
		{72D069BB-1549-498F-BAA2-228AA27514BE}.Release|Any CPU.ActiveCfg = Release|Any CPU
		{72D069BB-1549-498F-BAA2-228AA27514BE}.Release|Any CPU.Build.0 = Release|Any CPU
	EndGlobalSection
	GlobalSection(SolutionProperties) = preSolution
		HideSolutionNode = FALSE
	EndGlobalSection
	GlobalSection(ExtensibilityGlobals) = postSolution
		SolutionGuid = {7A669257-245D-41D8-9008-BCCCD45238B3}
	EndGlobalSection
EndGlobal
